
Microsoft Visual Studio Solution File, Format Version 12.00
# Visual Studio Version 17
VisualStudioVersion = 17.9.34902.65
MinimumVisualStudioVersion = 10.0.40219.1
Project("{FAE04EC0-301F-11D3-BF4B-00C04F79EFBC}") = "NewTalents", "NewTalents\NewTalents.csproj", "{42755D0C-6C69-4517-9060-F9D4A380BAD8}"
EndProject
Project("{FAE04EC0-301F-11D3-BF4B-00C04F79EFBC}") = "TestsNewTalents", "TestsNewTalents\TestsNewTalents.csproj", "{13899C7E-8976-424B-B545-B7E71F747C0A}"
EndProject
Global
	GlobalSection(SolutionConfigurationPlatforms) = preSolution
		Debug|Any CPU = Debug|Any CPU
		Release|Any CPU = Release|Any CPU
	EndGlobalSection
	GlobalSection(ProjectConfigurationPlatforms) = postSolution
		{42755D0C-6C69-4517-9060-F9D4A380BAD8}.Debug|Any CPU.ActiveCfg = Debug|Any CPU
		{42755D0C-6C69-4517-9060-F9D4A380BAD8}.Debug|Any CPU.Build.0 = Debug|Any CPU
		{42755D0C-6C69-4517-9060-F9D4A380BAD8}.Release|Any CPU.ActiveCfg = Release|Any CPU
		{42755D0C-6C69-4517-9060-F9D4A380BAD8}.Release|Any CPU.Build.0 = Release|Any CPU
		{13899C7E-8976-424B-B545-B7E71F747C0A}.Debug|Any CPU.ActiveCfg = Debug|Any CPU
		{13899C7E-8976-424B-B545-B7E71F747C0A}.Debug|Any CPU.Build.0 = Debug|Any CPU
		{13899C7E-8976-424B-B545-B7E71F747C0A}.Release|Any CPU.ActiveCfg = Release|Any CPU
		{13899C7E-8976-424B-B545-B7E71F747C0A}.Release|Any CPU.Build.0 = Release|Any CPU
	EndGlobalSection
	GlobalSection(SolutionProperties) = preSolution
		HideSolutionNode = FALSE
	EndGlobalSection
	GlobalSection(ExtensibilityGlobals) = postSolution
		SolutionGuid = {539DFC25-6F8C-4500-AF1E-4F91AC1FD7D9}
	EndGlobalSection
EndGlobal
